
Microsoft Visual Studio Solution File, Format Version 12.00
# Visual Studio Version 16
VisualStudioVersion = 16.0.29215.179
MinimumVisualStudioVersion = 10.0.40219.1
Project("{FAE04EC0-301F-11D3-BF4B-00C04F79EFBC}") = "ResgistroDeEstudiantes", "ResgistroDeEstudiantes.csproj", "{F09D5AFC-4226-4B9E-B281-5D4791D8897C}"
EndProject
Project("{FAE04EC0-301F-11D3-BF4B-00C04F79EFBC}") = "ResgistroDeEstudiantesTests", "..\ResgistroDeEstudiantesTests\ResgistroDeEstudiantesTests.csproj", "{48D61505-AF00-4EBF-912D-3AECFA9180BE}"
EndProject
Global
	GlobalSection(SolutionConfigurationPlatforms) = preSolution
		Debug|Any CPU = Debug|Any CPU
		Release|Any CPU = Release|Any CPU
	EndGlobalSection
	GlobalSection(ProjectConfigurationPlatforms) = postSolution
		{F09D5AFC-4226-4B9E-B281-5D4791D8897C}.Debug|Any CPU.ActiveCfg = Debug|Any CPU
		{F09D5AFC-4226-4B9E-B281-5D4791D8897C}.Debug|Any CPU.Build.0 = Debug|Any CPU
		{F09D5AFC-4226-4B9E-B281-5D4791D8897C}.Release|Any CPU.ActiveCfg = Release|Any CPU
		{F09D5AFC-4226-4B9E-B281-5D4791D8897C}.Release|Any CPU.Build.0 = Release|Any CPU
		{48D61505-AF00-4EBF-912D-3AECFA9180BE}.Debug|Any CPU.ActiveCfg = Debug|Any CPU
		{48D61505-AF00-4EBF-912D-3AECFA9180BE}.Debug|Any CPU.Build.0 = Debug|Any CPU
		{48D61505-AF00-4EBF-912D-3AECFA9180BE}.Release|Any CPU.ActiveCfg = Release|Any CPU
		{48D61505-AF00-4EBF-912D-3AECFA9180BE}.Release|Any CPU.Build.0 = Release|Any CPU
	EndGlobalSection
	GlobalSection(SolutionProperties) = preSolution
		HideSolutionNode = FALSE
	EndGlobalSection
	GlobalSection(ExtensibilityGlobals) = postSolution
		SolutionGuid = {0A1A6E1F-62E2-4DA2-B554-782EA8BF0104}
	EndGlobalSection
EndGlobal
